
Microsoft Visual Studio Solution File, Format Version 12.00
# Visual Studio Version 16
VisualStudioVersion = 16.0.31911.196
MinimumVisualStudioVersion = 10.0.40219.1
Project("{FAE04EC0-301F-11D3-BF4B-00C04F79EFBC}") = "Projet-Quiz-En-Ligne", "Projet-Quiz-En-Ligne\Projet-Quiz-En-Ligne.csproj", "{73228710-B90F-4F93-A119-0577DB063F46}"
EndProject
Global
	GlobalSection(SolutionConfigurationPlatforms) = preSolution
		Debug|Any CPU = Debug|Any CPU
		Release|Any CPU = Release|Any CPU
	EndGlobalSection
	GlobalSection(ProjectConfigurationPlatforms) = postSolution
		{73228710-B90F-4F93-A119-0577DB063F46}.Debug|Any CPU.ActiveCfg = Debug|Any CPU
		{73228710-B90F-4F93-A119-0577DB063F46}.Debug|Any CPU.Build.0 = Debug|Any CPU
		{73228710-B90F-4F93-A119-0577DB063F46}.Release|Any CPU.ActiveCfg = Release|Any CPU
		{73228710-B90F-4F93-A119-0577DB063F46}.Release|Any CPU.Build.0 = Release|Any CPU
	EndGlobalSection
	GlobalSection(SolutionProperties) = preSolution
		HideSolutionNode = FALSE
	EndGlobalSection
	GlobalSection(ExtensibilityGlobals) = postSolution
		SolutionGuid = {F53E0F1A-B7C6-4813-8B27-AC48C3BD16D2}
	EndGlobalSection
EndGlobal
